<Solution>
  <Folder Name="/src/">
    <Project Path="src/PSFoundation.Core/PSFoundation.Core.csproj" />
    <Project Path="src/PSFoundation.Registry/PSFoundation.Registry.csproj" />
    <Project Path="src/PSFoundation.PowerShell/PSFoundation.PowerShell.csproj" />
  </Folder>
  <Folder Name="/tests/">
    <Project Path="tests/PSFoundation.Core.Tests/PSFoundation.Core.Tests.csproj" />
    <Project Path="tests/PSFoundation.Registry.Tests/PSFoundation.Registry.Tests.csproj" />
  </Folder>
</Solution>
