<Solution>
  <Folder Name="/src/">
    <Project Path="src/WinRtHost/WinRtHost.csproj" />
    <Project Path="src/Office/Office.csproj" />
    <Project Path="src/Security/Security.csproj" />
    <Project Path="src/Core/Core.csproj" />
    <Project Path="src/Packages/Packages.csproj" />
    <Project Path="src/Windows/Windows.csproj" />
    <Project Path="src/Interop/Interop.csproj" />
    <Project Path="src/Diagnostics/Diagnostics.csproj" />
    <Project Path="src/IO/IO.csproj" />
    <Project Path="src/Policies/Policies.csproj" />
    <Project Path="src/Networking/Networking.csproj" />
    <Project Path="src/Registry/Registry.csproj" />
    <Project Path="src/PowerShell/PowerShell.csproj" />
  </Folder>
  <Folder Name="/tests/">
    <Project Path="tests/Office.Tests/Office.Tests.csproj" />
    <Project Path="tests/Security.Tests/Security.Tests.csproj" />
    <Project Path="tests/Core.Tests/Core.Tests.csproj" />
    <Project Path="tests/Packages.Tests/Packages.Tests.csproj" />
    <Project Path="tests/Windows.Tests/Windows.Tests.csproj" />
    <Project Path="tests/Diagnostics.Tests/Diagnostics.Tests.csproj" />
    <Project Path="tests/IO.Tests/IO.Tests.csproj" />
    <Project Path="tests/Policies.Tests/Policies.Tests.csproj" />
    <Project Path="tests/Networking.Tests/Networking.Tests.csproj" />
    <Project Path="tests/fixtures/process/ProcessHost.csproj" />
    <Project Path="tests/Registry.Tests/Registry.Tests.csproj" />
  </Folder>
</Solution>
